
Microsoft Visual Studio Solution File, Format Version 12.00
# Visual Studio Version 17
VisualStudioVersion = 17.14.36310.24 d17.14
MinimumVisualStudioVersion = 10.0.40219.1
Project("{FAE04EC0-301F-11D3-BF4B-00C04F79EFBC}") = "Day19_task", "Day19_task\Day19_task.csproj", "{66BB57A5-5BF1-4CFA-8291-87550B0173F4}"
EndProject
Global
	GlobalSection(SolutionConfigurationPlatforms) = preSolution
		Debug|Any CPU = Debug|Any CPU
		Release|Any CPU = Release|Any CPU
	EndGlobalSection
	GlobalSection(ProjectConfigurationPlatforms) = postSolution
		{66BB57A5-5BF1-4CFA-8291-87550B0173F4}.Debug|Any CPU.ActiveCfg = Debug|Any CPU
		{66BB57A5-5BF1-4CFA-8291-87550B0173F4}.Debug|Any CPU.Build.0 = Debug|Any CPU
		{66BB57A5-5BF1-4CFA-8291-87550B0173F4}.Release|Any CPU.ActiveCfg = Release|Any CPU
		{66BB57A5-5BF1-4CFA-8291-87550B0173F4}.Release|Any CPU.Build.0 = Release|Any CPU
	EndGlobalSection
	GlobalSection(SolutionProperties) = preSolution
		HideSolutionNode = FALSE
	EndGlobalSection
	GlobalSection(ExtensibilityGlobals) = postSolution
		SolutionGuid = {FE395550-33A6-4E1E-A394-FA757766FB3B}
	EndGlobalSection
EndGlobal
