
Microsoft Visual Studio Solution File, Format Version 12.00
# Visual Studio Version 17
VisualStudioVersion = 17.14.36310.24 d17.14
MinimumVisualStudioVersion = 10.0.40219.1
Project("{FAE04EC0-301F-11D3-BF4B-00C04F79EFBC}") = "Day20_task", "Day20_task\Day20_task.csproj", "{80EEE4F3-651A-4C5F-937E-10912321B435}"
EndProject
Global
	GlobalSection(SolutionConfigurationPlatforms) = preSolution
		Debug|Any CPU = Debug|Any CPU
		Release|Any CPU = Release|Any CPU
	EndGlobalSection
	GlobalSection(ProjectConfigurationPlatforms) = postSolution
		{80EEE4F3-651A-4C5F-937E-10912321B435}.Debug|Any CPU.ActiveCfg = Debug|Any CPU
		{80EEE4F3-651A-4C5F-937E-10912321B435}.Debug|Any CPU.Build.0 = Debug|Any CPU
		{80EEE4F3-651A-4C5F-937E-10912321B435}.Release|Any CPU.ActiveCfg = Release|Any CPU
		{80EEE4F3-651A-4C5F-937E-10912321B435}.Release|Any CPU.Build.0 = Release|Any CPU
	EndGlobalSection
	GlobalSection(SolutionProperties) = preSolution
		HideSolutionNode = FALSE
	EndGlobalSection
	GlobalSection(ExtensibilityGlobals) = postSolution
		SolutionGuid = {74A6EA0D-B1A5-4590-BC5B-C6B0ED6FA71A}
	EndGlobalSection
EndGlobal
